
Microsoft Visual Studio Solution File, Format Version 12.00
# Visual Studio 15
VisualStudioVersion = 15.0.26430.16
MinimumVisualStudioVersion = 10.0.40219.1
Project("{FAE04EC0-301F-11D3-BF4B-00C04F79EFBC}") = "Products4.Android", "Products4\Products4.Android\Products4.Android.csproj", "{6418415C-6E85-48E9-9FF0-176D396931B3}"
EndProject
Project("{FAE04EC0-301F-11D3-BF4B-00C04F79EFBC}") = "Products4", "Products4\Products4\Products4.csproj", "{0FEDF9C5-5C7D-40C8-A678-64FBA8FE2E56}"
EndProject
Project("{FAE04EC0-301F-11D3-BF4B-00C04F79EFBC}") = "Products4.UWP", "Products4\Products4.UWP\Products4.UWP.csproj", "{74317AA9-D9E7-40AE-B676-1FDF76597097}"
EndProject
Project("{FAE04EC0-301F-11D3-BF4B-00C04F79EFBC}") = "Products4.iOS", "Products4\Products4.iOS\Products4.iOS.csproj", "{12BB5A3A-FC78-4A01-8D7B-C2459445BC64}"
EndProject
Project("{FAE04EC0-301F-11D3-BF4B-00C04F79EFBC}") = "Products4.Backend", "Products4.Backend\Products4.Backend.csproj", "{CEAA633B-C0EF-4F16-AD44-8A8C30FE9A14}"
EndProject
Project("{FAE04EC0-301F-11D3-BF4B-00C04F79EFBC}") = "Products4.API", "Products4.API\Products4.API.csproj", "{76A33341-5BB1-44A8-A206-51D6BF699D84}"
EndProject
Project("{FAE04EC0-301F-11D3-BF4B-00C04F79EFBC}") = "Products4.Domain", "Products4.Domain\Products4.Domain.csproj", "{323B5B56-436C-4788-8378-AEB80CFF5C32}"
EndProject
Global
	GlobalSection(SolutionConfigurationPlatforms) = preSolution
		Ad-Hoc|Any CPU = Ad-Hoc|Any CPU
		Ad-Hoc|ARM = Ad-Hoc|ARM
		Ad-Hoc|iPhone = Ad-Hoc|iPhone
		Ad-Hoc|iPhoneSimulator = Ad-Hoc|iPhoneSimulator
		Ad-Hoc|x64 = Ad-Hoc|x64
		Ad-Hoc|x86 = Ad-Hoc|x86
		AppStore|Any CPU = AppStore|Any CPU
		AppStore|ARM = AppStore|ARM
		AppStore|iPhone = AppStore|iPhone
		AppStore|iPhoneSimulator = AppStore|iPhoneSimulator
		AppStore|x64 = AppStore|x64
		AppStore|x86 = AppStore|x86
		Debug|Any CPU = Debug|Any CPU
		Debug|ARM = Debug|ARM
		Debug|iPhone = Debug|iPhone
		Debug|iPhoneSimulator = Debug|iPhoneSimulator
		Debug|x64 = Debug|x64
		Debug|x86 = Debug|x86
		Release|Any CPU = Release|Any CPU
		Release|ARM = Release|ARM
		Release|iPhone = Release|iPhone
		Release|iPhoneSimulator = Release|iPhoneSimulator
		Release|x64 = Release|x64
		Release|x86 = Release|x86
	EndGlobalSection
	GlobalSection(ProjectConfigurationPlatforms) = postSolution
		{6418415C-6E85-48E9-9FF0-176D396931B3}.Ad-Hoc|Any CPU.ActiveCfg = Release|Any CPU
		{6418415C-6E85-48E9-9FF0-176D396931B3}.Ad-Hoc|Any CPU.Build.0 = Release|Any CPU
		{6418415C-6E85-48E9-9FF0-176D396931B3}.Ad-Hoc|Any CPU.Deploy.0 = Release|Any CPU
		{6418415C-6E85-48E9-9FF0-176D396931B3}.Ad-Hoc|ARM.ActiveCfg = Release|Any CPU
		{6418415C-6E85-48E9-9FF0-176D396931B3}.Ad-Hoc|ARM.Build.0 = Release|Any CPU
		{6418415C-6E85-48E9-9FF0-176D396931B3}.Ad-Hoc|ARM.Deploy.0 = Release|Any CPU
		{6418415C-6E85-48E9-9FF0-176D396931B3}.Ad-Hoc|iPhone.ActiveCfg = Release|Any CPU
		{6418415C-6E85-48E9-9FF0-176D396931B3}.Ad-Hoc|iPhone.Build.0 = Release|Any CPU
		{6418415C-6E85-48E9-9FF0-176D396931B3}.Ad-Hoc|iPhone.Deploy.0 = Release|Any CPU
		{6418415C-6E85-48E9-9FF0-176D396931B3}.Ad-Hoc|iPhoneSimulator.ActiveCfg = Release|Any CPU
		{6418415C-6E85-48E9-9FF0-176D396931B3}.Ad-Hoc|iPhoneSimulator.Build.0 = Release|Any CPU
		{6418415C-6E85-48E9-9FF0-176D396931B3}.Ad-Hoc|iPhoneSimulator.Deploy.0 = Release|Any CPU
		{6418415C-6E85-48E9-9FF0-176D396931B3}.Ad-Hoc|x64.ActiveCfg = Release|Any CPU
		{6418415C-6E85-48E9-9FF0-176D396931B3}.Ad-Hoc|x64.Build.0 = Release|Any CPU
		{6418415C-6E85-48E9-9FF0-176D396931B3}.Ad-Hoc|x64.Deploy.0 = Release|Any CPU
		{6418415C-6E85-48E9-9FF0-176D396931B3}.Ad-Hoc|x86.ActiveCfg = Release|Any CPU
		{6418415C-6E85-48E9-9FF0-176D396931B3}.Ad-Hoc|x86.Build.0 = Release|Any CPU
		{6418415C-6E85-48E9-9FF0-176D396931B3}.Ad-Hoc|x86.Deploy.0 = Release|Any CPU
		{6418415C-6E85-48E9-9FF0-176D396931B3}.AppStore|Any CPU.ActiveCfg = Release|Any CPU
		{6418415C-6E85-48E9-9FF0-176D396931B3}.AppStore|Any CPU.Build.0 = Release|Any CPU
		{6418415C-6E85-48E9-9FF0-176D396931B3}.AppStore|Any CPU.Deploy.0 = Release|Any CPU
		{6418415C-6E85-48E9-9FF0-176D396931B3}.AppStore|ARM.ActiveCfg = Release|Any CPU
		{6418415C-6E85-48E9-9FF0-176D396931B3}.AppStore|ARM.Build.0 = Release|Any CPU
		{6418415C-6E85-48E9-9FF0-176D396931B3}.AppStore|ARM.Deploy.0 = Release|Any CPU
		{6418415C-6E85-48E9-9FF0-176D396931B3}.AppStore|iPhone.ActiveCfg = Release|Any CPU
		{6418415C-6E85-48E9-9FF0-176D396931B3}.AppStore|iPhone.Build.0 = Release|Any CPU
		{6418415C-6E85-48E9-9FF0-176D396931B3}.AppStore|iPhone.Deploy.0 = Release|Any CPU
		{6418415C-6E85-48E9-9FF0-176D396931B3}.AppStore|iPhoneSimulator.ActiveCfg = Release|Any CPU
		{6418415C-6E85-48E9-9FF0-176D396931B3}.AppStore|iPhoneSimulator.Build.0 = Release|Any CPU
		{6418415C-6E85-48E9-9FF0-176D396931B3}.AppStore|iPhoneSimulator.Deploy.0 = Release|Any CPU
		{6418415C-6E85-48E9-9FF0-176D396931B3}.AppStore|x64.ActiveCfg = Release|Any CPU
		{6418415C-6E85-48E9-9FF0-176D396931B3}.AppStore|x64.Build.0 = Release|Any CPU
		{6418415C-6E85-48E9-9FF0-176D396931B3}.AppStore|x64.Deploy.0 = Release|Any CPU
		{6418415C-6E85-48E9-9FF0-176D396931B3}.AppStore|x86.ActiveCfg = Release|Any CPU
		{6418415C-6E85-48E9-9FF0-176D396931B3}.AppStore|x86.Build.0 = Release|Any CPU
		{6418415C-6E85-48E9-9FF0-176D396931B3}.AppStore|x86.Deploy.0 = Release|Any CPU
		{6418415C-6E85-48E9-9FF0-176D396931B3}.Debug|Any CPU.ActiveCfg = Debug|Any CPU
		{6418415C-6E85-48E9-9FF0-176D396931B3}.Debug|Any CPU.Build.0 = Debug|Any CPU
		{6418415C-6E85-48E9-9FF0-176D396931B3}.Debug|Any CPU.Deploy.0 = Debug|Any CPU
		{6418415C-6E85-48E9-9FF0-176D396931B3}.Debug|ARM.ActiveCfg = Debug|Any CPU
		{6418415C-6E85-48E9-9FF0-176D396931B3}.Debug|ARM.Build.0 = Debug|Any CPU
		{6418415C-6E85-48E9-9FF0-176D396931B3}.Debug|ARM.Deploy.0 = Debug|Any CPU
		{6418415C-6E85-48E9-9FF0-176D396931B3}.Debug|iPhone.ActiveCfg = Debug|Any CPU
		{6418415C-6E85-48E9-9FF0-176D396931B3}.Debug|iPhone.Build.0 = Debug|Any CPU
		{6418415C-6E85-48E9-9FF0-176D396931B3}.Debug|iPhone.Deploy.0 = Debug|Any CPU
		{6418415C-6E85-48E9-9FF0-176D396931B3}.Debug|iPhoneSimulator.ActiveCfg = Debug|Any CPU
		{6418415C-6E85-48E9-9FF0-176D396931B3}.Debug|iPhoneSimulator.Build.0 = Debug|Any CPU
		{6418415C-6E85-48E9-9FF0-176D396931B3}.Debug|iPhoneSimulator.Deploy.0 = Debug|Any CPU
		{6418415C-6E85-48E9-9FF0-176D396931B3}.Debug|x64.ActiveCfg = Debug|Any CPU
		{6418415C-6E85-48E9-9FF0-176D396931B3}.Debug|x64.Build.0 = Debug|Any CPU
		{6418415C-6E85-48E9-9FF0-176D396931B3}.Debug|x64.Deploy.0 = Debug|Any CPU
		{6418415C-6E85-48E9-9FF0-176D396931B3}.Debug|x86.ActiveCfg = Debug|Any CPU
		{6418415C-6E85-48E9-9FF0-176D396931B3}.Debug|x86.Build.0 = Debug|Any CPU
		{6418415C-6E85-48E9-9FF0-176D396931B3}.Debug|x86.Deploy.0 = Debug|Any CPU
		{6418415C-6E85-48E9-9FF0-176D396931B3}.Release|Any CPU.ActiveCfg = Release|Any CPU
		{6418415C-6E85-48E9-9FF0-176D396931B3}.Release|Any CPU.Build.0 = Release|Any CPU
		{6418415C-6E85-48E9-9FF0-176D396931B3}.Release|Any CPU.Deploy.0 = Release|Any CPU
		{6418415C-6E85-48E9-9FF0-176D396931B3}.Release|ARM.ActiveCfg = Release|Any CPU
		{6418415C-6E85-48E9-9FF0-176D396931B3}.Release|ARM.Build.0 = Release|Any CPU
		{6418415C-6E85-48E9-9FF0-176D396931B3}.Release|ARM.Deploy.0 = Release|Any CPU
		{6418415C-6E85-48E9-9FF0-176D396931B3}.Release|iPhone.ActiveCfg = Release|Any CPU
		{6418415C-6E85-48E9-9FF0-176D396931B3}.Release|iPhone.Build.0 = Release|Any CPU
		{6418415C-6E85-48E9-9FF0-176D396931B3}.Release|iPhone.Deploy.0 = Release|Any CPU
		{6418415C-6E85-48E9-9FF0-176D396931B3}.Release|iPhoneSimulator.ActiveCfg = Release|Any CPU
		{6418415C-6E85-48E9-9FF0-176D396931B3}.Release|iPhoneSimulator.Build.0 = Release|Any CPU
		{6418415C-6E85-48E9-9FF0-176D396931B3}.Release|iPhoneSimulator.Deploy.0 = Release|Any CPU
		{6418415C-6E85-48E9-9FF0-176D396931B3}.Release|x64.ActiveCfg = Release|Any CPU
		{6418415C-6E85-48E9-9FF0-176D396931B3}.Release|x64.Build.0 = Release|Any CPU
		{6418415C-6E85-48E9-9FF0-176D396931B3}.Release|x64.Deploy.0 = Release|Any CPU
		{6418415C-6E85-48E9-9FF0-176D396931B3}.Release|x86.ActiveCfg = Release|Any CPU
		{6418415C-6E85-48E9-9FF0-176D396931B3}.Release|x86.Build.0 = Release|Any CPU
		{6418415C-6E85-48E9-9FF0-176D396931B3}.Release|x86.Deploy.0 = Release|Any CPU
		{0FEDF9C5-5C7D-40C8-A678-64FBA8FE2E56}.Ad-Hoc|Any CPU.ActiveCfg = Release|Any CPU
		{0FEDF9C5-5C7D-40C8-A678-64FBA8FE2E56}.Ad-Hoc|Any CPU.Build.0 = Release|Any CPU
		{0FEDF9C5-5C7D-40C8-A678-64FBA8FE2E56}.Ad-Hoc|ARM.ActiveCfg = Release|Any CPU
		{0FEDF9C5-5C7D-40C8-A678-64FBA8FE2E56}.Ad-Hoc|ARM.Build.0 = Release|Any CPU
		{0FEDF9C5-5C7D-40C8-A678-64FBA8FE2E56}.Ad-Hoc|iPhone.ActiveCfg = Release|Any CPU
		{0FEDF9C5-5C7D-40C8-A678-64FBA8FE2E56}.Ad-Hoc|iPhone.Build.0 = Release|Any CPU
		{0FEDF9C5-5C7D-40C8-A678-64FBA8FE2E56}.Ad-Hoc|iPhoneSimulator.ActiveCfg = Release|Any CPU
		{0FEDF9C5-5C7D-40C8-A678-64FBA8FE2E56}.Ad-Hoc|iPhoneSimulator.Build.0 = Release|Any CPU
		{0FEDF9C5-5C7D-40C8-A678-64FBA8FE2E56}.Ad-Hoc|x64.ActiveCfg = Release|Any CPU
		{0FEDF9C5-5C7D-40C8-A678-64FBA8FE2E56}.Ad-Hoc|x64.Build.0 = Release|Any CPU
		{0FEDF9C5-5C7D-40C8-A678-64FBA8FE2E56}.Ad-Hoc|x86.ActiveCfg = Release|Any CPU
		{0FEDF9C5-5C7D-40C8-A678-64FBA8FE2E56}.Ad-Hoc|x86.Build.0 = Release|Any CPU
		{0FEDF9C5-5C7D-40C8-A678-64FBA8FE2E56}.AppStore|Any CPU.ActiveCfg = Release|Any CPU
		{0FEDF9C5-5C7D-40C8-A678-64FBA8FE2E56}.AppStore|Any CPU.Build.0 = Release|Any CPU
		{0FEDF9C5-5C7D-40C8-A678-64FBA8FE2E56}.AppStore|ARM.ActiveCfg = Release|Any CPU
		{0FEDF9C5-5C7D-40C8-A678-64FBA8FE2E56}.AppStore|ARM.Build.0 = Release|Any CPU
		{0FEDF9C5-5C7D-40C8-A678-64FBA8FE2E56}.AppStore|iPhone.ActiveCfg = Release|Any CPU
		{0FEDF9C5-5C7D-40C8-A678-64FBA8FE2E56}.AppStore|iPhone.Build.0 = Release|Any CPU
		{0FEDF9C5-5C7D-40C8-A678-64FBA8FE2E56}.AppStore|iPhoneSimulator.ActiveCfg = Release|Any CPU
		{0FEDF9C5-5C7D-40C8-A678-64FBA8FE2E56}.AppStore|iPhoneSimulator.Build.0 = Release|Any CPU
		{0FEDF9C5-5C7D-40C8-A678-64FBA8FE2E56}.AppStore|x64.ActiveCfg = Release|Any CPU
		{0FEDF9C5-5C7D-40C8-A678-64FBA8FE2E56}.AppStore|x64.Build.0 = Release|Any CPU
		{0FEDF9C5-5C7D-40C8-A678-64FBA8FE2E56}.AppStore|x86.ActiveCfg = Release|Any CPU
		{0FEDF9C5-5C7D-40C8-A678-64FBA8FE2E56}.AppStore|x86.Build.0 = Release|Any CPU
		{0FEDF9C5-5C7D-40C8-A678-64FBA8FE2E56}.Debug|Any CPU.ActiveCfg = Debug|Any CPU
		{0FEDF9C5-5C7D-40C8-A678-64FBA8FE2E56}.Debug|Any CPU.Build.0 = Debug|Any CPU
		{0FEDF9C5-5C7D-40C8-A678-64FBA8FE2E56}.Debug|ARM.ActiveCfg = Debug|Any CPU
		{0FEDF9C5-5C7D-40C8-A678-64FBA8FE2E56}.Debug|ARM.Build.0 = Debug|Any CPU
		{0FEDF9C5-5C7D-40C8-A678-64FBA8FE2E56}.Debug|iPhone.ActiveCfg = Debug|Any CPU
		{0FEDF9C5-5C7D-40C8-A678-64FBA8FE2E56}.Debug|iPhone.Build.0 = Debug|Any CPU
		{0FEDF9C5-5C7D-40C8-A678-64FBA8FE2E56}.Debug|iPhoneSimulator.ActiveCfg = Debug|Any CPU
		{0FEDF9C5-5C7D-40C8-A678-64FBA8FE2E56}.Debug|iPhoneSimulator.Build.0 = Debug|Any CPU
		{0FEDF9C5-5C7D-40C8-A678-64FBA8FE2E56}.Debug|x64.ActiveCfg = Debug|Any CPU
		{0FEDF9C5-5C7D-40C8-A678-64FBA8FE2E56}.Debug|x64.Build.0 = Debug|Any CPU
		{0FEDF9C5-5C7D-40C8-A678-64FBA8FE2E56}.Debug|x86.ActiveCfg = Debug|Any CPU
		{0FEDF9C5-5C7D-40C8-A678-64FBA8FE2E56}.Debug|x86.Build.0 = Debug|Any CPU
		{0FEDF9C5-5C7D-40C8-A678-64FBA8FE2E56}.Release|Any CPU.ActiveCfg = Release|Any CPU
		{0FEDF9C5-5C7D-40C8-A678-64FBA8FE2E56}.Release|Any CPU.Build.0 = Release|Any CPU
		{0FEDF9C5-5C7D-40C8-A678-64FBA8FE2E56}.Release|ARM.ActiveCfg = Release|Any CPU
		{0FEDF9C5-5C7D-40C8-A678-64FBA8FE2E56}.Release|ARM.Build.0 = Release|Any CPU
		{0FEDF9C5-5C7D-40C8-A678-64FBA8FE2E56}.Release|iPhone.ActiveCfg = Release|Any CPU
		{0FEDF9C5-5C7D-40C8-A678-64FBA8FE2E56}.Release|iPhone.Build.0 = Release|Any CPU
		{0FEDF9C5-5C7D-40C8-A678-64FBA8FE2E56}.Release|iPhoneSimulator.ActiveCfg = Release|Any CPU
		{0FEDF9C5-5C7D-40C8-A678-64FBA8FE2E56}.Release|iPhoneSimulator.Build.0 = Release|Any CPU
		{0FEDF9C5-5C7D-40C8-A678-64FBA8FE2E56}.Release|x64.ActiveCfg = Release|Any CPU
		{0FEDF9C5-5C7D-40C8-A678-64FBA8FE2E56}.Release|x64.Build.0 = Release|Any CPU
		{0FEDF9C5-5C7D-40C8-A678-64FBA8FE2E56}.Release|x86.ActiveCfg = Release|Any CPU
		{0FEDF9C5-5C7D-40C8-A678-64FBA8FE2E56}.Release|x86.Build.0 = Release|Any CPU
		{74317AA9-D9E7-40AE-B676-1FDF76597097}.Ad-Hoc|Any CPU.ActiveCfg = Release|x86
		{74317AA9-D9E7-40AE-B676-1FDF76597097}.Ad-Hoc|Any CPU.Build.0 = Release|x86
		{74317AA9-D9E7-40AE-B676-1FDF76597097}.Ad-Hoc|Any CPU.Deploy.0 = Release|x86
		{74317AA9-D9E7-40AE-B676-1FDF76597097}.Ad-Hoc|ARM.ActiveCfg = Release|ARM
		{74317AA9-D9E7-40AE-B676-1FDF76597097}.Ad-Hoc|ARM.Build.0 = Release|ARM
		{74317AA9-D9E7-40AE-B676-1FDF76597097}.Ad-Hoc|ARM.Deploy.0 = Release|ARM
		{74317AA9-D9E7-40AE-B676-1FDF76597097}.Ad-Hoc|iPhone.ActiveCfg = Release|x86
		{74317AA9-D9E7-40AE-B676-1FDF76597097}.Ad-Hoc|iPhone.Build.0 = Release|x86
		{74317AA9-D9E7-40AE-B676-1FDF76597097}.Ad-Hoc|iPhone.Deploy.0 = Release|x86
		{74317AA9-D9E7-40AE-B676-1FDF76597097}.Ad-Hoc|iPhoneSimulator.ActiveCfg = Release|x86
		{74317AA9-D9E7-40AE-B676-1FDF76597097}.Ad-Hoc|iPhoneSimulator.Build.0 = Release|x86
		{74317AA9-D9E7-40AE-B676-1FDF76597097}.Ad-Hoc|iPhoneSimulator.Deploy.0 = Release|x86
		{74317AA9-D9E7-40AE-B676-1FDF76597097}.Ad-Hoc|x64.ActiveCfg = Release|x64
		{74317AA9-D9E7-40AE-B676-1FDF76597097}.Ad-Hoc|x64.Build.0 = Release|x64
		{74317AA9-D9E7-40AE-B676-1FDF76597097}.Ad-Hoc|x64.Deploy.0 = Release|x64
		{74317AA9-D9E7-40AE-B676-1FDF76597097}.Ad-Hoc|x86.ActiveCfg = Release|x86
		{74317AA9-D9E7-40AE-B676-1FDF76597097}.Ad-Hoc|x86.Build.0 = Release|x86
		{74317AA9-D9E7-40AE-B676-1FDF76597097}.Ad-Hoc|x86.Deploy.0 = Release|x86
		{74317AA9-D9E7-40AE-B676-1FDF76597097}.AppStore|Any CPU.ActiveCfg = Release|x86
		{74317AA9-D9E7-40AE-B676-1FDF76597097}.AppStore|Any CPU.Build.0 = Release|x86
		{74317AA9-D9E7-40AE-B676-1FDF76597097}.AppStore|Any CPU.Deploy.0 = Release|x86
		{74317AA9-D9E7-40AE-B676-1FDF76597097}.AppStore|ARM.ActiveCfg = Release|ARM
		{74317AA9-D9E7-40AE-B676-1FDF76597097}.AppStore|ARM.Build.0 = Release|ARM
		{74317AA9-D9E7-40AE-B676-1FDF76597097}.AppStore|ARM.Deploy.0 = Release|ARM
		{74317AA9-D9E7-40AE-B676-1FDF76597097}.AppStore|iPhone.ActiveCfg = Release|x86
		{74317AA9-D9E7-40AE-B676-1FDF76597097}.AppStore|iPhone.Build.0 = Release|x86
		{74317AA9-D9E7-40AE-B676-1FDF76597097}.AppStore|iPhone.Deploy.0 = Release|x86
		{74317AA9-D9E7-40AE-B676-1FDF76597097}.AppStore|iPhoneSimulator.ActiveCfg = Release|x86
		{74317AA9-D9E7-40AE-B676-1FDF76597097}.AppStore|iPhoneSimulator.Build.0 = Release|x86
		{74317AA9-D9E7-40AE-B676-1FDF76597097}.AppStore|iPhoneSimulator.Deploy.0 = Release|x86
		{74317AA9-D9E7-40AE-B676-1FDF76597097}.AppStore|x64.ActiveCfg = Release|x64
		{74317AA9-D9E7-40AE-B676-1FDF76597097}.AppStore|x64.Build.0 = Release|x64
		{74317AA9-D9E7-40AE-B676-1FDF76597097}.AppStore|x64.Deploy.0 = Release|x64
		{74317AA9-D9E7-40AE-B676-1FDF76597097}.AppStore|x86.ActiveCfg = Release|x86
		{74317AA9-D9E7-40AE-B676-1FDF76597097}.AppStore|x86.Build.0 = Release|x86
		{74317AA9-D9E7-40AE-B676-1FDF76597097}.AppStore|x86.Deploy.0 = Release|x86
		{74317AA9-D9E7-40AE-B676-1FDF76597097}.Debug|Any CPU.ActiveCfg = Debug|x86
		{74317AA9-D9E7-40AE-B676-1FDF76597097}.Debug|ARM.ActiveCfg = Debug|ARM
		{74317AA9-D9E7-40AE-B676-1FDF76597097}.Debug|ARM.Build.0 = Debug|ARM
		{74317AA9-D9E7-40AE-B676-1FDF76597097}.Debug|ARM.Deploy.0 = Debug|ARM
		{74317AA9-D9E7-40AE-B676-1FDF76597097}.Debug|iPhone.ActiveCfg = Debug|x86
		{74317AA9-D9E7-40AE-B676-1FDF76597097}.Debug|iPhoneSimulator.ActiveCfg = Debug|x86
		{74317AA9-D9E7-40AE-B676-1FDF76597097}.Debug|x64.ActiveCfg = Debug|x64
		{74317AA9-D9E7-40AE-B676-1FDF76597097}.Debug|x64.Build.0 = Debug|x64
		{74317AA9-D9E7-40AE-B676-1FDF76597097}.Debug|x64.Deploy.0 = Debug|x64
		{74317AA9-D9E7-40AE-B676-1FDF76597097}.Debug|x86.ActiveCfg = Debug|x86
		{74317AA9-D9E7-40AE-B676-1FDF76597097}.Debug|x86.Build.0 = Debug|x86
		{74317AA9-D9E7-40AE-B676-1FDF76597097}.Debug|x86.Deploy.0 = Debug|x86
		{74317AA9-D9E7-40AE-B676-1FDF76597097}.Release|Any CPU.ActiveCfg = Release|x86
		{74317AA9-D9E7-40AE-B676-1FDF76597097}.Release|ARM.ActiveCfg = Release|ARM
		{74317AA9-D9E7-40AE-B676-1FDF76597097}.Release|ARM.Build.0 = Release|ARM
		{74317AA9-D9E7-40AE-B676-1FDF76597097}.Release|ARM.Deploy.0 = Release|ARM
		{74317AA9-D9E7-40AE-B676-1FDF76597097}.Release|iPhone.ActiveCfg = Release|x86
		{74317AA9-D9E7-40AE-B676-1FDF76597097}.Release|iPhoneSimulator.ActiveCfg = Release|x86
		{74317AA9-D9E7-40AE-B676-1FDF76597097}.Release|x64.ActiveCfg = Release|x64
		{74317AA9-D9E7-40AE-B676-1FDF76597097}.Release|x64.Build.0 = Release|x64
		{74317AA9-D9E7-40AE-B676-1FDF76597097}.Release|x64.Deploy.0 = Release|x64
		{74317AA9-D9E7-40AE-B676-1FDF76597097}.Release|x86.ActiveCfg = Release|x86
		{74317AA9-D9E7-40AE-B676-1FDF76597097}.Release|x86.Build.0 = Release|x86
		{74317AA9-D9E7-40AE-B676-1FDF76597097}.Release|x86.Deploy.0 = Release|x86
		{12BB5A3A-FC78-4A01-8D7B-C2459445BC64}.Ad-Hoc|Any CPU.ActiveCfg = Ad-Hoc|iPhone
		{12BB5A3A-FC78-4A01-8D7B-C2459445BC64}.Ad-Hoc|ARM.ActiveCfg = Ad-Hoc|iPhone
		{12BB5A3A-FC78-4A01-8D7B-C2459445BC64}.Ad-Hoc|iPhone.ActiveCfg = Ad-Hoc|iPhone
		{12BB5A3A-FC78-4A01-8D7B-C2459445BC64}.Ad-Hoc|iPhone.Build.0 = Ad-Hoc|iPhone
		{12BB5A3A-FC78-4A01-8D7B-C2459445BC64}.Ad-Hoc|iPhoneSimulator.ActiveCfg = Ad-Hoc|iPhoneSimulator
		{12BB5A3A-FC78-4A01-8D7B-C2459445BC64}.Ad-Hoc|iPhoneSimulator.Build.0 = Ad-Hoc|iPhoneSimulator
		{12BB5A3A-FC78-4A01-8D7B-C2459445BC64}.Ad-Hoc|x64.ActiveCfg = Ad-Hoc|iPhone
		{12BB5A3A-FC78-4A01-8D7B-C2459445BC64}.Ad-Hoc|x86.ActiveCfg = Ad-Hoc|iPhone
		{12BB5A3A-FC78-4A01-8D7B-C2459445BC64}.AppStore|Any CPU.ActiveCfg = AppStore|iPhone
		{12BB5A3A-FC78-4A01-8D7B-C2459445BC64}.AppStore|ARM.ActiveCfg = AppStore|iPhone
		{12BB5A3A-FC78-4A01-8D7B-C2459445BC64}.AppStore|iPhone.ActiveCfg = AppStore|iPhone
		{12BB5A3A-FC78-4A01-8D7B-C2459445BC64}.AppStore|iPhone.Build.0 = AppStore|iPhone
		{12BB5A3A-FC78-4A01-8D7B-C2459445BC64}.AppStore|iPhoneSimulator.ActiveCfg = AppStore|iPhoneSimulator
		{12BB5A3A-FC78-4A01-8D7B-C2459445BC64}.AppStore|iPhoneSimulator.Build.0 = AppStore|iPhoneSimulator
		{12BB5A3A-FC78-4A01-8D7B-C2459445BC64}.AppStore|x64.ActiveCfg = AppStore|iPhone
		{12BB5A3A-FC78-4A01-8D7B-C2459445BC64}.AppStore|x86.ActiveCfg = AppStore|iPhone
		{12BB5A3A-FC78-4A01-8D7B-C2459445BC64}.Debug|Any CPU.ActiveCfg = Debug|iPhone
		{12BB5A3A-FC78-4A01-8D7B-C2459445BC64}.Debug|ARM.ActiveCfg = Debug|iPhone
		{12BB5A3A-FC78-4A01-8D7B-C2459445BC64}.Debug|iPhone.ActiveCfg = Debug|iPhone
		{12BB5A3A-FC78-4A01-8D7B-C2459445BC64}.Debug|iPhone.Build.0 = Debug|iPhone
		{12BB5A3A-FC78-4A01-8D7B-C2459445BC64}.Debug|iPhoneSimulator.ActiveCfg = Debug|iPhoneSimulator
		{12BB5A3A-FC78-4A01-8D7B-C2459445BC64}.Debug|iPhoneSimulator.Build.0 = Debug|iPhoneSimulator
		{12BB5A3A-FC78-4A01-8D7B-C2459445BC64}.Debug|x64.ActiveCfg = Debug|iPhone
		{12BB5A3A-FC78-4A01-8D7B-C2459445BC64}.Debug|x86.ActiveCfg = Debug|iPhone
		{12BB5A3A-FC78-4A01-8D7B-C2459445BC64}.Release|Any CPU.ActiveCfg = Release|iPhone
		{12BB5A3A-FC78-4A01-8D7B-C2459445BC64}.Release|ARM.ActiveCfg = Release|iPhone
		{12BB5A3A-FC78-4A01-8D7B-C2459445BC64}.Release|iPhone.ActiveCfg = Release|iPhone
		{12BB5A3A-FC78-4A01-8D7B-C2459445BC64}.Release|iPhone.Build.0 = Release|iPhone
		{12BB5A3A-FC78-4A01-8D7B-C2459445BC64}.Release|iPhoneSimulator.ActiveCfg = Release|iPhoneSimulator
		{12BB5A3A-FC78-4A01-8D7B-C2459445BC64}.Release|iPhoneSimulator.Build.0 = Release|iPhoneSimulator
		{12BB5A3A-FC78-4A01-8D7B-C2459445BC64}.Release|x64.ActiveCfg = Release|iPhone
		{12BB5A3A-FC78-4A01-8D7B-C2459445BC64}.Release|x86.ActiveCfg = Release|iPhone
		{CEAA633B-C0EF-4F16-AD44-8A8C30FE9A14}.Ad-Hoc|Any CPU.ActiveCfg = Release|Any CPU
		{CEAA633B-C0EF-4F16-AD44-8A8C30FE9A14}.Ad-Hoc|Any CPU.Build.0 = Release|Any CPU
		{CEAA633B-C0EF-4F16-AD44-8A8C30FE9A14}.Ad-Hoc|ARM.ActiveCfg = Release|Any CPU
		{CEAA633B-C0EF-4F16-AD44-8A8C30FE9A14}.Ad-Hoc|ARM.Build.0 = Release|Any CPU
		{CEAA633B-C0EF-4F16-AD44-8A8C30FE9A14}.Ad-Hoc|iPhone.ActiveCfg = Release|Any CPU
		{CEAA633B-C0EF-4F16-AD44-8A8C30FE9A14}.Ad-Hoc|iPhone.Build.0 = Release|Any CPU
		{CEAA633B-C0EF-4F16-AD44-8A8C30FE9A14}.Ad-Hoc|iPhoneSimulator.ActiveCfg = Release|Any CPU
		{CEAA633B-C0EF-4F16-AD44-8A8C30FE9A14}.Ad-Hoc|iPhoneSimulator.Build.0 = Release|Any CPU
		{CEAA633B-C0EF-4F16-AD44-8A8C30FE9A14}.Ad-Hoc|x64.ActiveCfg = Release|Any CPU
		{CEAA633B-C0EF-4F16-AD44-8A8C30FE9A14}.Ad-Hoc|x64.Build.0 = Release|Any CPU
		{CEAA633B-C0EF-4F16-AD44-8A8C30FE9A14}.Ad-Hoc|x86.ActiveCfg = Release|Any CPU
		{CEAA633B-C0EF-4F16-AD44-8A8C30FE9A14}.Ad-Hoc|x86.Build.0 = Release|Any CPU
		{CEAA633B-C0EF-4F16-AD44-8A8C30FE9A14}.AppStore|Any CPU.ActiveCfg = Release|Any CPU
		{CEAA633B-C0EF-4F16-AD44-8A8C30FE9A14}.AppStore|Any CPU.Build.0 = Release|Any CPU
		{CEAA633B-C0EF-4F16-AD44-8A8C30FE9A14}.AppStore|ARM.ActiveCfg = Release|Any CPU
		{CEAA633B-C0EF-4F16-AD44-8A8C30FE9A14}.AppStore|ARM.Build.0 = Release|Any CPU
		{CEAA633B-C0EF-4F16-AD44-8A8C30FE9A14}.AppStore|iPhone.ActiveCfg = Release|Any CPU
		{CEAA633B-C0EF-4F16-AD44-8A8C30FE9A14}.AppStore|iPhone.Build.0 = Release|Any CPU
		{CEAA633B-C0EF-4F16-AD44-8A8C30FE9A14}.AppStore|iPhoneSimulator.ActiveCfg = Release|Any CPU
		{CEAA633B-C0EF-4F16-AD44-8A8C30FE9A14}.AppStore|iPhoneSimulator.Build.0 = Release|Any CPU
		{CEAA633B-C0EF-4F16-AD44-8A8C30FE9A14}.AppStore|x64.ActiveCfg = Release|Any CPU
		{CEAA633B-C0EF-4F16-AD44-8A8C30FE9A14}.AppStore|x64.Build.0 = Release|Any CPU
		{CEAA633B-C0EF-4F16-AD44-8A8C30FE9A14}.AppStore|x86.ActiveCfg = Release|Any CPU
		{CEAA633B-C0EF-4F16-AD44-8A8C30FE9A14}.AppStore|x86.Build.0 = Release|Any CPU
		{CEAA633B-C0EF-4F16-AD44-8A8C30FE9A14}.Debug|Any CPU.ActiveCfg = Debug|Any CPU
		{CEAA633B-C0EF-4F16-AD44-8A8C30FE9A14}.Debug|Any CPU.Build.0 = Debug|Any CPU
		{CEAA633B-C0EF-4F16-AD44-8A8C30FE9A14}.Debug|ARM.ActiveCfg = Debug|Any CPU
		{CEAA633B-C0EF-4F16-AD44-8A8C30FE9A14}.Debug|ARM.Build.0 = Debug|Any CPU
		{CEAA633B-C0EF-4F16-AD44-8A8C30FE9A14}.Debug|iPhone.ActiveCfg = Debug|Any CPU
		{CEAA633B-C0EF-4F16-AD44-8A8C30FE9A14}.Debug|iPhone.Build.0 = Debug|Any CPU
		{CEAA633B-C0EF-4F16-AD44-8A8C30FE9A14}.Debug|iPhoneSimulator.ActiveCfg = Debug|Any CPU
		{CEAA633B-C0EF-4F16-AD44-8A8C30FE9A14}.Debug|iPhoneSimulator.Build.0 = Debug|Any CPU
		{CEAA633B-C0EF-4F16-AD44-8A8C30FE9A14}.Debug|x64.ActiveCfg = Debug|Any CPU
		{CEAA633B-C0EF-4F16-AD44-8A8C30FE9A14}.Debug|x64.Build.0 = Debug|Any CPU
		{CEAA633B-C0EF-4F16-AD44-8A8C30FE9A14}.Debug|x86.ActiveCfg = Debug|Any CPU
		{CEAA633B-C0EF-4F16-AD44-8A8C30FE9A14}.Debug|x86.Build.0 = Debug|Any CPU
		{CEAA633B-C0EF-4F16-AD44-8A8C30FE9A14}.Release|Any CPU.ActiveCfg = Release|Any CPU
		{CEAA633B-C0EF-4F16-AD44-8A8C30FE9A14}.Release|Any CPU.Build.0 = Release|Any CPU
		{CEAA633B-C0EF-4F16-AD44-8A8C30FE9A14}.Release|ARM.ActiveCfg = Release|Any CPU
		{CEAA633B-C0EF-4F16-AD44-8A8C30FE9A14}.Release|ARM.Build.0 = Release|Any CPU
		{CEAA633B-C0EF-4F16-AD44-8A8C30FE9A14}.Release|iPhone.ActiveCfg = Release|Any CPU
		{CEAA633B-C0EF-4F16-AD44-8A8C30FE9A14}.Release|iPhone.Build.0 = Release|Any CPU
		{CEAA633B-C0EF-4F16-AD44-8A8C30FE9A14}.Release|iPhoneSimulator.ActiveCfg = Release|Any CPU
		{CEAA633B-C0EF-4F16-AD44-8A8C30FE9A14}.Release|iPhoneSimulator.Build.0 = Release|Any CPU
		{CEAA633B-C0EF-4F16-AD44-8A8C30FE9A14}.Release|x64.ActiveCfg = Release|Any CPU
		{CEAA633B-C0EF-4F16-AD44-8A8C30FE9A14}.Release|x64.Build.0 = Release|Any CPU
		{CEAA633B-C0EF-4F16-AD44-8A8C30FE9A14}.Release|x86.ActiveCfg = Release|Any CPU
		{CEAA633B-C0EF-4F16-AD44-8A8C30FE9A14}.Release|x86.Build.0 = Release|Any CPU
		{76A33341-5BB1-44A8-A206-51D6BF699D84}.Ad-Hoc|Any CPU.ActiveCfg = Release|Any CPU
		{76A33341-5BB1-44A8-A206-51D6BF699D84}.Ad-Hoc|Any CPU.Build.0 = Release|Any CPU
		{76A33341-5BB1-44A8-A206-51D6BF699D84}.Ad-Hoc|ARM.ActiveCfg = Release|Any CPU
		{76A33341-5BB1-44A8-A206-51D6BF699D84}.Ad-Hoc|ARM.Build.0 = Release|Any CPU
		{76A33341-5BB1-44A8-A206-51D6BF699D84}.Ad-Hoc|iPhone.ActiveCfg = Release|Any CPU
		{76A33341-5BB1-44A8-A206-51D6BF699D84}.Ad-Hoc|iPhone.Build.0 = Release|Any CPU
		{76A33341-5BB1-44A8-A206-51D6BF699D84}.Ad-Hoc|iPhoneSimulator.ActiveCfg = Release|Any CPU
		{76A33341-5BB1-44A8-A206-51D6BF699D84}.Ad-Hoc|iPhoneSimulator.Build.0 = Release|Any CPU
		{76A33341-5BB1-44A8-A206-51D6BF699D84}.Ad-Hoc|x64.ActiveCfg = Release|Any CPU
		{76A33341-5BB1-44A8-A206-51D6BF699D84}.Ad-Hoc|x64.Build.0 = Release|Any CPU
		{76A33341-5BB1-44A8-A206-51D6BF699D84}.Ad-Hoc|x86.ActiveCfg = Release|Any CPU
		{76A33341-5BB1-44A8-A206-51D6BF699D84}.Ad-Hoc|x86.Build.0 = Release|Any CPU
		{76A33341-5BB1-44A8-A206-51D6BF699D84}.AppStore|Any CPU.ActiveCfg = Release|Any CPU
		{76A33341-5BB1-44A8-A206-51D6BF699D84}.AppStore|Any CPU.Build.0 = Release|Any CPU
		{76A33341-5BB1-44A8-A206-51D6BF699D84}.AppStore|ARM.ActiveCfg = Release|Any CPU
		{76A33341-5BB1-44A8-A206-51D6BF699D84}.AppStore|ARM.Build.0 = Release|Any CPU
		{76A33341-5BB1-44A8-A206-51D6BF699D84}.AppStore|iPhone.ActiveCfg = Release|Any CPU
		{76A33341-5BB1-44A8-A206-51D6BF699D84}.AppStore|iPhone.Build.0 = Release|Any CPU
		{76A33341-5BB1-44A8-A206-51D6BF699D84}.AppStore|iPhoneSimulator.ActiveCfg = Release|Any CPU
		{76A33341-5BB1-44A8-A206-51D6BF699D84}.AppStore|iPhoneSimulator.Build.0 = Release|Any CPU
		{76A33341-5BB1-44A8-A206-51D6BF699D84}.AppStore|x64.ActiveCfg = Release|Any CPU
		{76A33341-5BB1-44A8-A206-51D6BF699D84}.AppStore|x64.Build.0 = Release|Any CPU
		{76A33341-5BB1-44A8-A206-51D6BF699D84}.AppStore|x86.ActiveCfg = Release|Any CPU
		{76A33341-5BB1-44A8-A206-51D6BF699D84}.AppStore|x86.Build.0 = Release|Any CPU
		{76A33341-5BB1-44A8-A206-51D6BF699D84}.Debug|Any CPU.ActiveCfg = Debug|Any CPU
		{76A33341-5BB1-44A8-A206-51D6BF699D84}.Debug|Any CPU.Build.0 = Debug|Any CPU
		{76A33341-5BB1-44A8-A206-51D6BF699D84}.Debug|ARM.ActiveCfg = Debug|Any CPU
		{76A33341-5BB1-44A8-A206-51D6BF699D84}.Debug|ARM.Build.0 = Debug|Any CPU
		{76A33341-5BB1-44A8-A206-51D6BF699D84}.Debug|iPhone.ActiveCfg = Debug|Any CPU
		{76A33341-5BB1-44A8-A206-51D6BF699D84}.Debug|iPhone.Build.0 = Debug|Any CPU
		{76A33341-5BB1-44A8-A206-51D6BF699D84}.Debug|iPhoneSimulator.ActiveCfg = Debug|Any CPU
		{76A33341-5BB1-44A8-A206-51D6BF699D84}.Debug|iPhoneSimulator.Build.0 = Debug|Any CPU
		{76A33341-5BB1-44A8-A206-51D6BF699D84}.Debug|x64.ActiveCfg = Debug|Any CPU
		{76A33341-5BB1-44A8-A206-51D6BF699D84}.Debug|x64.Build.0 = Debug|Any CPU
		{76A33341-5BB1-44A8-A206-51D6BF699D84}.Debug|x86.ActiveCfg = Debug|Any CPU
		{76A33341-5BB1-44A8-A206-51D6BF699D84}.Debug|x86.Build.0 = Debug|Any CPU
		{76A33341-5BB1-44A8-A206-51D6BF699D84}.Release|Any CPU.ActiveCfg = Release|Any CPU
		{76A33341-5BB1-44A8-A206-51D6BF699D84}.Release|Any CPU.Build.0 = Release|Any CPU
		{76A33341-5BB1-44A8-A206-51D6BF699D84}.Release|ARM.ActiveCfg = Release|Any CPU
		{76A33341-5BB1-44A8-A206-51D6BF699D84}.Release|ARM.Build.0 = Release|Any CPU
		{76A33341-5BB1-44A8-A206-51D6BF699D84}.Release|iPhone.ActiveCfg = Release|Any CPU
		{76A33341-5BB1-44A8-A206-51D6BF699D84}.Release|iPhone.Build.0 = Release|Any CPU
		{76A33341-5BB1-44A8-A206-51D6BF699D84}.Release|iPhoneSimulator.ActiveCfg = Release|Any CPU
		{76A33341-5BB1-44A8-A206-51D6BF699D84}.Release|iPhoneSimulator.Build.0 = Release|Any CPU
		{76A33341-5BB1-44A8-A206-51D6BF699D84}.Release|x64.ActiveCfg = Release|Any CPU
		{76A33341-5BB1-44A8-A206-51D6BF699D84}.Release|x64.Build.0 = Release|Any CPU
		{76A33341-5BB1-44A8-A206-51D6BF699D84}.Release|x86.ActiveCfg = Release|Any CPU
		{76A33341-5BB1-44A8-A206-51D6BF699D84}.Release|x86.Build.0 = Release|Any CPU
		{323B5B56-436C-4788-8378-AEB80CFF5C32}.Ad-Hoc|Any CPU.ActiveCfg = Release|Any CPU
		{323B5B56-436C-4788-8378-AEB80CFF5C32}.Ad-Hoc|Any CPU.Build.0 = Release|Any CPU
		{323B5B56-436C-4788-8378-AEB80CFF5C32}.Ad-Hoc|ARM.ActiveCfg = Release|Any CPU
		{323B5B56-436C-4788-8378-AEB80CFF5C32}.Ad-Hoc|ARM.Build.0 = Release|Any CPU
		{323B5B56-436C-4788-8378-AEB80CFF5C32}.Ad-Hoc|iPhone.ActiveCfg = Release|Any CPU
		{323B5B56-436C-4788-8378-AEB80CFF5C32}.Ad-Hoc|iPhone.Build.0 = Release|Any CPU
		{323B5B56-436C-4788-8378-AEB80CFF5C32}.Ad-Hoc|iPhoneSimulator.ActiveCfg = Release|Any CPU
		{323B5B56-436C-4788-8378-AEB80CFF5C32}.Ad-Hoc|iPhoneSimulator.Build.0 = Release|Any CPU
		{323B5B56-436C-4788-8378-AEB80CFF5C32}.Ad-Hoc|x64.ActiveCfg = Release|Any CPU
		{323B5B56-436C-4788-8378-AEB80CFF5C32}.Ad-Hoc|x64.Build.0 = Release|Any CPU
		{323B5B56-436C-4788-8378-AEB80CFF5C32}.Ad-Hoc|x86.ActiveCfg = Release|Any CPU
		{323B5B56-436C-4788-8378-AEB80CFF5C32}.Ad-Hoc|x86.Build.0 = Release|Any CPU
		{323B5B56-436C-4788-8378-AEB80CFF5C32}.AppStore|Any CPU.ActiveCfg = Release|Any CPU
		{323B5B56-436C-4788-8378-AEB80CFF5C32}.AppStore|Any CPU.Build.0 = Release|Any CPU
		{323B5B56-436C-4788-8378-AEB80CFF5C32}.AppStore|ARM.ActiveCfg = Release|Any CPU
		{323B5B56-436C-4788-8378-AEB80CFF5C32}.AppStore|ARM.Build.0 = Release|Any CPU
		{323B5B56-436C-4788-8378-AEB80CFF5C32}.AppStore|iPhone.ActiveCfg = Release|Any CPU
		{323B5B56-436C-4788-8378-AEB80CFF5C32}.AppStore|iPhone.Build.0 = Release|Any CPU
		{323B5B56-436C-4788-8378-AEB80CFF5C32}.AppStore|iPhoneSimulator.ActiveCfg = Release|Any CPU
		{323B5B56-436C-4788-8378-AEB80CFF5C32}.AppStore|iPhoneSimulator.Build.0 = Release|Any CPU
		{323B5B56-436C-4788-8378-AEB80CFF5C32}.AppStore|x64.ActiveCfg = Release|Any CPU
		{323B5B56-436C-4788-8378-AEB80CFF5C32}.AppStore|x64.Build.0 = Release|Any CPU
		{323B5B56-436C-4788-8378-AEB80CFF5C32}.AppStore|x86.ActiveCfg = Release|Any CPU
		{323B5B56-436C-4788-8378-AEB80CFF5C32}.AppStore|x86.Build.0 = Release|Any CPU
		{323B5B56-436C-4788-8378-AEB80CFF5C32}.Debug|Any CPU.ActiveCfg = Debug|Any CPU
		{323B5B56-436C-4788-8378-AEB80CFF5C32}.Debug|Any CPU.Build.0 = Debug|Any CPU
		{323B5B56-436C-4788-8378-AEB80CFF5C32}.Debug|ARM.ActiveCfg = Debug|Any CPU
		{323B5B56-436C-4788-8378-AEB80CFF5C32}.Debug|ARM.Build.0 = Debug|Any CPU
		{323B5B56-436C-4788-8378-AEB80CFF5C32}.Debug|iPhone.ActiveCfg = Debug|Any CPU
		{323B5B56-436C-4788-8378-AEB80CFF5C32}.Debug|iPhone.Build.0 = Debug|Any CPU
		{323B5B56-436C-4788-8378-AEB80CFF5C32}.Debug|iPhoneSimulator.ActiveCfg = Debug|Any CPU
		{323B5B56-436C-4788-8378-AEB80CFF5C32}.Debug|iPhoneSimulator.Build.0 = Debug|Any CPU
		{323B5B56-436C-4788-8378-AEB80CFF5C32}.Debug|x64.ActiveCfg = Debug|Any CPU
		{323B5B56-436C-4788-8378-AEB80CFF5C32}.Debug|x64.Build.0 = Debug|Any CPU
		{323B5B56-436C-4788-8378-AEB80CFF5C32}.Debug|x86.ActiveCfg = Debug|Any CPU
		{323B5B56-436C-4788-8378-AEB80CFF5C32}.Debug|x86.Build.0 = Debug|Any CPU
		{323B5B56-436C-4788-8378-AEB80CFF5C32}.Release|Any CPU.ActiveCfg = Release|Any CPU
		{323B5B56-436C-4788-8378-AEB80CFF5C32}.Release|Any CPU.Build.0 = Release|Any CPU
		{323B5B56-436C-4788-8378-AEB80CFF5C32}.Release|ARM.ActiveCfg = Release|Any CPU
		{323B5B56-436C-4788-8378-AEB80CFF5C32}.Release|ARM.Build.0 = Release|Any CPU
		{323B5B56-436C-4788-8378-AEB80CFF5C32}.Release|iPhone.ActiveCfg = Release|Any CPU
		{323B5B56-436C-4788-8378-AEB80CFF5C32}.Release|iPhone.Build.0 = Release|Any CPU
		{323B5B56-436C-4788-8378-AEB80CFF5C32}.Release|iPhoneSimulator.ActiveCfg = Release|Any CPU
		{323B5B56-436C-4788-8378-AEB80CFF5C32}.Release|iPhoneSimulator.Build.0 = Release|Any CPU
		{323B5B56-436C-4788-8378-AEB80CFF5C32}.Release|x64.ActiveCfg = Release|Any CPU
		{323B5B56-436C-4788-8378-AEB80CFF5C32}.Release|x64.Build.0 = Release|Any CPU
		{323B5B56-436C-4788-8378-AEB80CFF5C32}.Release|x86.ActiveCfg = Release|Any CPU
		{323B5B56-436C-4788-8378-AEB80CFF5C32}.Release|x86.Build.0 = Release|Any CPU
	EndGlobalSection
	GlobalSection(SolutionProperties) = preSolution
		HideSolutionNode = FALSE
	EndGlobalSection
EndGlobal
